// !$*UTF8*$!
{
	archiveVersion = 1;
	classes = {
	};
	objectVersion = 55;
	objects = {

/* Begin PBXBuildFile section */
		36586C24D0B328B778E06A9A /* Pods_ImageSearch.framework in Frameworks */ = {isa = PBXBuildFile; fileRef = EA514FD26AC1FAF61AE00D46 /* Pods_ImageSearch.framework */; };
		EF41213C2861E2FA008525ED /* SceneDelegate.swift in Sources */ = {isa = PBXBuildFile; fileRef = EF41213B2861E2FA008525ED /* SceneDelegate.swift */; };
		EF7981C3286053E70000BA91 /* NetworkService.swift in Sources */ = {isa = PBXBuildFile; fileRef = EF7981C2286053E70000BA91 /* NetworkService.swift */; };
		EF7981C628607A2B0000BA91 /* NetworkDataFetcher.swift in Sources */ = {isa = PBXBuildFile; fileRef = EF7981C528607A2B0000BA91 /* NetworkDataFetcher.swift */; };
		EF7981C828607A6B0000BA91 /* SearchResult.swift in Sources */ = {isa = PBXBuildFile; fileRef = EF7981C728607A6B0000BA91 /* SearchResult.swift */; };
		EF7981CB286082730000BA91 /* PhotoCell.swift in Sources */ = {isa = PBXBuildFile; fileRef = EF7981CA286082730000BA91 /* PhotoCell.swift */; };
		EFAE05FF285E125D00067173 /* AppDelegate.swift in Sources */ = {isa = PBXBuildFile; fileRef = EFAE05FE285E125D00067173 /* AppDelegate.swift */; };
		EFAE0603285E125D00067173 /* ViewController.swift in Sources */ = {isa = PBXBuildFile; fileRef = EFAE0602285E125D00067173 /* ViewController.swift */; };
		EFAE0609285E125D00067173 /* ImageSearch.xcdatamodeld in Sources */ = {isa = PBXBuildFile; fileRef = EFAE0607285E125D00067173 /* ImageSearch.xcdatamodeld */; };
		EFAE060B285E125F00067173 /* Assets.xcassets in Resources */ = {isa = PBXBuildFile; fileRef = EFAE060A285E125F00067173 /* Assets.xcassets */; };
		EFAE060E285E125F00067173 /* LaunchScreen.storyboard in Resources */ = {isa = PBXBuildFile; fileRef = EFAE060C285E125F00067173 /* LaunchScreen.storyboard */; };
		EFAE0616285E13EC00067173 /* MainTabBarController.swift in Sources */ = {isa = PBXBuildFile; fileRef = EFAE0615285E13EC00067173 /* MainTabBarController.swift */; };
		EFC7D526285E3133009A7077 /* PhotosCollectionViewController.swift in Sources */ = {isa = PBXBuildFile; fileRef = EFC7D525285E3133009A7077 /* PhotosCollectionViewController.swift */; };
/* End PBXBuildFile section */

/* Begin PBXFileReference section */
		07DFDCBC85DF86E1F8F66839 /* Pods-ImageSearch.release.xcconfig */ = {isa = PBXFileReference; includeInIndex = 1; lastKnownFileType = text.xcconfig; name = "Pods-ImageSearch.release.xcconfig"; path = "Target Support Files/Pods-ImageSearch/Pods-ImageSearch.release.xcconfig"; sourceTree = "<group>"; };
		EA514FD26AC1FAF61AE00D46 /* Pods_ImageSearch.framework */ = {isa = PBXFileReference; explicitFileType = wrapper.framework; includeInIndex = 0; path = Pods_ImageSearch.framework; sourceTree = BUILT_PRODUCTS_DIR; };
		EF41213B2861E2FA008525ED /* SceneDelegate.swift */ = {isa = PBXFileReference; fileEncoding = 4; lastKnownFileType = sourcecode.swift; path = SceneDelegate.swift; sourceTree = "<group>"; };
		EF7981C2286053E70000BA91 /* NetworkService.swift */ = {isa = PBXFileReference; lastKnownFileType = sourcecode.swift; path = NetworkService.swift; sourceTree = "<group>"; };
		EF7981C528607A2B0000BA91 /* NetworkDataFetcher.swift */ = {isa = PBXFileReference; lastKnownFileType = sourcecode.swift; path = NetworkDataFetcher.swift; sourceTree = "<group>"; };
		EF7981C728607A6B0000BA91 /* SearchResult.swift */ = {isa = PBXFileReference; lastKnownFileType = sourcecode.swift; path = SearchResult.swift; sourceTree = "<group>"; };
		EF7981CA286082730000BA91 /* PhotoCell.swift */ = {isa = PBXFileReference; lastKnownFileType = sourcecode.swift; path = PhotoCell.swift; sourceTree = "<group>"; };
		EFAE05FB285E125D00067173 /* ImageSearch.app */ = {isa = PBXFileReference; explicitFileType = wrapper.application; includeInIndex = 0; path = ImageSearch.app; sourceTree = BUILT_PRODUCTS_DIR; };
		EFAE05FE285E125D00067173 /* AppDelegate.swift */ = {isa = PBXFileReference; lastKnownFileType = sourcecode.swift; path = AppDelegate.swift; sourceTree = "<group>"; };
		EFAE0602285E125D00067173 /* ViewController.swift */ = {isa = PBXFileReference; lastKnownFileType = sourcecode.swift; path = ViewController.swift; sourceTree = "<group>"; };
		EFAE0608285E125D00067173 /* ImageSearch.xcdatamodel */ = {isa = PBXFileReference; lastKnownFileType = wrapper.xcdatamodel; path = ImageSearch.xcdatamodel; sourceTree = "<group>"; };
		EFAE060A285E125F00067173 /* Assets.xcassets */ = {isa = PBXFileReference; lastKnownFileType = folder.assetcatalog; path = Assets.xcassets; sourceTree = "<group>"; };
		EFAE060D285E125F00067173 /* Base */ = {isa = PBXFileReference; lastKnownFileType = file.storyboard; name = Base; path = Base.lproj/LaunchScreen.storyboard; sourceTree = "<group>"; };
		EFAE060F285E125F00067173 /* Info.plist */ = {isa = PBXFileReference; lastKnownFileType = text.plist.xml; path = Info.plist; sourceTree = "<group>"; };
		EFAE0615285E13EC00067173 /* MainTabBarController.swift */ = {isa = PBXFileReference; lastKnownFileType = sourcecode.swift; path = MainTabBarController.swift; sourceTree = "<group>"; };
		EFC7D525285E3133009A7077 /* PhotosCollectionViewController.swift */ = {isa = PBXFileReference; lastKnownFileType = sourcecode.swift; path = PhotosCollectionViewController.swift; sourceTree = "<group>"; };
		F04CE4AA71520CF2D3048EFC /* Pods-ImageSearch.debug.xcconfig */ = {isa = PBXFileReference; includeInIndex = 1; lastKnownFileType = text.xcconfig; name = "Pods-ImageSearch.debug.xcconfig"; path = "Target Support Files/Pods-ImageSearch/Pods-ImageSearch.debug.xcconfig"; sourceTree = "<group>"; };
/* End PBXFileReference section */

/* Begin PBXFrameworksBuildPhase section */
		EFAE05F8285E125D00067173 /* Frameworks */ = {
			isa = PBXFrameworksBuildPhase;
			buildActionMask = 2147483647;
			files = (
				36586C24D0B328B778E06A9A /* Pods_ImageSearch.framework in Frameworks */,
			);
			runOnlyForDeploymentPostprocessing = 0;
		};
/* End PBXFrameworksBuildPhase section */

/* Begin PBXGroup section */
		003E44896BE62A7F4124C40E /* Pods */ = {
			isa = PBXGroup;
			children = (
				F04CE4AA71520CF2D3048EFC /* Pods-ImageSearch.debug.xcconfig */,
				07DFDCBC85DF86E1F8F66839 /* Pods-ImageSearch.release.xcconfig */,
			);
			path = Pods;
			sourceTree = "<group>";
		};
		4ED49A502F8268F00A99D5FD /* Frameworks */ = {
			isa = PBXGroup;
			children = (
				EA514FD26AC1FAF61AE00D46 /* Pods_ImageSearch.framework */,
			);
			name = Frameworks;
			sourceTree = "<group>";
		};
		EF41213D2861FBC8008525ED /* Photos */ = {
			isa = PBXGroup;
			children = (
				EFC7D525285E3133009A7077 /* PhotosCollectionViewController.swift */,
				EF7981CA286082730000BA91 /* PhotoCell.swift */,
			);
			path = Photos;
			sourceTree = "<group>";
		};
		EF41214028620A44008525ED /* Delegate */ = {
			isa = PBXGroup;
			children = (
				EFAE05FE285E125D00067173 /* AppDelegate.swift */,
				EF41213B2861E2FA008525ED /* SceneDelegate.swift */,
			);
			path = Delegate;
			sourceTree = "<group>";
		};
		EF41214128620A6D008525ED /* Supporting files */ = {
			isa = PBXGroup;
			children = (
				EFAE060A285E125F00067173 /* Assets.xcassets */,
				EFAE060C285E125F00067173 /* LaunchScreen.storyboard */,
				EFAE060F285E125F00067173 /* Info.plist */,
				EFAE0607285E125D00067173 /* ImageSearch.xcdatamodeld */,
			);
			path = "Supporting files";
			sourceTree = "<group>";
		};
		EF7981C428605D6A0000BA91 /* Service */ = {
			isa = PBXGroup;
			children = (
				EF7981C928607A720000BA91 /* Models */,
				EF7981C2286053E70000BA91 /* NetworkService.swift */,
				EF7981C528607A2B0000BA91 /* NetworkDataFetcher.swift */,
			);
			path = Service;
			sourceTree = "<group>";
		};
		EF7981C928607A720000BA91 /* Models */ = {
			isa = PBXGroup;
			children = (
				EF7981C728607A6B0000BA91 /* SearchResult.swift */,
			);
			path = Models;
			sourceTree = "<group>";
		};
		EFAE05F2285E125D00067173 = {
			isa = PBXGroup;
			children = (
				EFAE05FD285E125D00067173 /* ImageSearch */,
				EFAE05FC285E125D00067173 /* Products */,
				003E44896BE62A7F4124C40E /* Pods */,
				4ED49A502F8268F00A99D5FD /* Frameworks */,
			);
			sourceTree = "<group>";
		};
		EFAE05FC285E125D00067173 /* Products */ = {
			isa = PBXGroup;
			children = (
				EFAE05FB285E125D00067173 /* ImageSearch.app */,
			);
			name = Products;
			sourceTree = "<group>";
		};
		EFAE05FD285E125D00067173 /* ImageSearch */ = {
			isa = PBXGroup;
			children = (
				EF41214028620A44008525ED /* Delegate */,
				EF7981C428605D6A0000BA91 /* Service */,
				EFAE0602285E125D00067173 /* ViewController.swift */,
				EFAE0615285E13EC00067173 /* MainTabBarController.swift */,
				EF41213D2861FBC8008525ED /* Photos */,
				EF41214128620A6D008525ED /* Supporting files */,
			);
			path = ImageSearch;
			sourceTree = "<group>";
		};
/* End PBXGroup section */

/* Begin PBXNativeTarget section */
		EFAE05FA285E125D00067173 /* ImageSearch */ = {
			isa = PBXNativeTarget;
			buildConfigurationList = EFAE0612285E125F00067173 /* Build configuration list for PBXNativeTarget "ImageSearch" */;
			buildPhases = (
				A2DB8D1C3CCE16DE4D8E3F83 /* [CP] Check Pods Manifest.lock */,
				EFAE05F7285E125D00067173 /* Sources */,
				EFAE05F8285E125D00067173 /* Frameworks */,
				EFAE05F9285E125D00067173 /* Resources */,
				D80CFC815214A77389C88CE5 /* [CP] Embed Pods Frameworks */,
			);
			buildRules = (
			);
			dependencies = (
			);
			name = ImageSearch;
			productName = ImageSearch;
			productReference = EFAE05FB285E125D00067173 /* ImageSearch.app */;
			productType = "com.apple.product-type.application";
		};
/* End PBXNativeTarget section */

/* Begin PBXProject section */
		EFAE05F3285E125D00067173 /* Project object */ = {
			isa = PBXProject;
			attributes = {
				BuildIndependentTargetsInParallel = 1;
				LastSwiftUpdateCheck = 1330;
				LastUpgradeCheck = 1330;
				TargetAttributes = {
					EFAE05FA285E125D00067173 = {
						CreatedOnToolsVersion = 13.3;
					};
				};
			};
			buildConfigurationList = EFAE05F6285E125D00067173 /* Build configuration list for PBXProject "ImageSearch" */;
			compatibilityVersion = "Xcode 13.0";
			developmentRegion = en;
			hasScannedForEncodings = 0;
			knownRegions = (
				en,
				Base,
			);
			mainGroup = EFAE05F2285E125D00067173;
			productRefGroup = EFAE05FC285E125D00067173 /* Products */;
			projectDirPath = "";
			projectRoot = "";
			targets = (
				EFAE05FA285E125D00067173 /* ImageSearch */,
			);
		};
/* End PBXProject section */

/* Begin PBXResourcesBuildPhase section */
		EFAE05F9285E125D00067173 /* Resources */ = {
			isa = PBXResourcesBuildPhase;
			buildActionMask = 2147483647;
			files = (
				EFAE060E285E125F00067173 /* LaunchScreen.storyboard in Resources */,
				EFAE060B285E125F00067173 /* Assets.xcassets in Resources */,
			);
			runOnlyForDeploymentPostprocessing = 0;
		};
/* End PBXResourcesBuildPhase section */

/* Begin PBXShellScriptBuildPhase section */
		A2DB8D1C3CCE16DE4D8E3F83 /* [CP] Check Pods Manifest.lock */ = {
			isa = PBXShellScriptBuildPhase;
			buildActionMask = 2147483647;
			files = (
			);
			inputFileListPaths = (
			);
			inputPaths = (
				"${PODS_PODFILE_DIR_PATH}/Podfile.lock",
				"${PODS_ROOT}/Manifest.lock",
			);
			name = "[CP] Check Pods Manifest.lock";
			outputFileListPaths = (
			);
			outputPaths = (
				"$(DERIVED_FILE_DIR)/Pods-ImageSearch-checkManifestLockResult.txt",
			);
			runOnlyForDeploymentPostprocessing = 0;
			shellPath = /bin/sh;
			shellScript = "diff \"${PODS_PODFILE_DIR_PATH}/Podfile.lock\" \"${PODS_ROOT}/Manifest.lock\" > /dev/null\nif [ $? != 0 ] ; then\n    # print error to STDERR\n    echo \"error: The sandbox is not in sync with the Podfile.lock. Run 'pod install' or update your CocoaPods installation.\" >&2\n    exit 1\nfi\n# This output is used by Xcode 'outputs' to avoid re-running this script phase.\necho \"SUCCESS\" > \"${SCRIPT_OUTPUT_FILE_0}\"\n";
			showEnvVarsInLog = 0;
		};
		D80CFC815214A77389C88CE5 /* [CP] Embed Pods Frameworks */ = {
			isa = PBXShellScriptBuildPhase;
			buildActionMask = 2147483647;
			files = (
			);
			inputFileListPaths = (
				"${PODS_ROOT}/Target Support Files/Pods-ImageSearch/Pods-ImageSearch-frameworks-${CONFIGURATION}-input-files.xcfilelist",
			);
			name = "[CP] Embed Pods Frameworks";
			outputFileListPaths = (
				"${PODS_ROOT}/Target Support Files/Pods-ImageSearch/Pods-ImageSearch-frameworks-${CONFIGURATION}-output-files.xcfilelist",
			);
			runOnlyForDeploymentPostprocessing = 0;
			shellPath = /bin/sh;
			shellScript = "\"${PODS_ROOT}/Target Support Files/Pods-ImageSearch/Pods-ImageSearch-frameworks.sh\"\n";
			showEnvVarsInLog = 0;
		};
/* End PBXShellScriptBuildPhase section */

/* Begin PBXSourcesBuildPhase section */
		EFAE05F7285E125D00067173 /* Sources */ = {
			isa = PBXSourcesBuildPhase;
			buildActionMask = 2147483647;
			files = (
				EF7981C628607A2B0000BA91 /* NetworkDataFetcher.swift in Sources */,
				EF7981C828607A6B0000BA91 /* SearchResult.swift in Sources */,
				EFAE0603285E125D00067173 /* ViewController.swift in Sources */,
				EFAE0609285E125D00067173 /* ImageSearch.xcdatamodeld in Sources */,
				EFAE0616285E13EC00067173 /* MainTabBarController.swift in Sources */,
				EFC7D526285E3133009A7077 /* PhotosCollectionViewController.swift in Sources */,
				EF7981CB286082730000BA91 /* PhotoCell.swift in Sources */,
				EF41213C2861E2FA008525ED /* SceneDelegate.swift in Sources */,
				EFAE05FF285E125D00067173 /* AppDelegate.swift in Sources */,
				EF7981C3286053E70000BA91 /* NetworkService.swift in Sources */,
			);
			runOnlyForDeploymentPostprocessing = 0;
		};
/* End PBXSourcesBuildPhase section */

/* Begin PBXVariantGroup section */
		EFAE060C285E125F00067173 /* LaunchScreen.storyboard */ = {
			isa = PBXVariantGroup;
			children = (
				EFAE060D285E125F00067173 /* Base */,
			);
			name = LaunchScreen.storyboard;
			sourceTree = "<group>";
		};
/* End PBXVariantGroup section */

/* Begin XCBuildConfiguration section */
		EFAE0610285E125F00067173 /* Debug */ = {
			isa = XCBuildConfiguration;
			buildSettings = {
				ALWAYS_SEARCH_USER_PATHS = NO;
				CLANG_ANALYZER_NONNULL = YES;
				CLANG_ANALYZER_NUMBER_OBJECT_CONVERSION = YES_AGGRESSIVE;
				CLANG_CXX_LANGUAGE_STANDARD = "gnu++17";
				CLANG_ENABLE_MODULES = YES;
				CLANG_ENABLE_OBJC_ARC = YES;
				CLANG_ENABLE_OBJC_WEAK = YES;
				CLANG_WARN_BLOCK_CAPTURE_AUTORELEASING = YES;
				CLANG_WARN_BOOL_CONVERSION = YES;
				CLANG_WARN_COMMA = YES;
				CLANG_WARN_CONSTANT_CONVERSION = YES;
				CLANG_WARN_DEPRECATED_OBJC_IMPLEMENTATIONS = YES;
				CLANG_WARN_DIRECT_OBJC_ISA_USAGE = YES_ERROR;
				CLANG_WARN_DOCUMENTATION_COMMENTS = YES;
				CLANG_WARN_EMPTY_BODY = YES;
				CLANG_WARN_ENUM_CONVERSION = YES;
				CLANG_WARN_INFINITE_RECURSION = YES;
				CLANG_WARN_INT_CONVERSION = YES;
				CLANG_WARN_NON_LITERAL_NULL_CONVERSION = YES;
				CLANG_WARN_OBJC_IMPLICIT_RETAIN_SELF = YES;
				CLANG_WARN_OBJC_LITERAL_CONVERSION = YES;
				CLANG_WARN_OBJC_ROOT_CLASS = YES_ERROR;
				CLANG_WARN_QUOTED_INCLUDE_IN_FRAMEWORK_HEADER = YES;
				CLANG_WARN_RANGE_LOOP_ANALYSIS = YES;
				CLANG_WARN_STRICT_PROTOTYPES = YES;
				CLANG_WARN_SUSPICIOUS_MOVE = YES;
				CLANG_WARN_UNGUARDED_AVAILABILITY = YES_AGGRESSIVE;
				CLANG_WARN_UNREACHABLE_CODE = YES;
				CLANG_WARN__DUPLICATE_METHOD_MATCH = YES;
				COPY_PHASE_STRIP = NO;
				DEBUG_INFORMATION_FORMAT = dwarf;
				ENABLE_STRICT_OBJC_MSGSEND = YES;
				ENABLE_TESTABILITY = YES;
				GCC_C_LANGUAGE_STANDARD = gnu11;
				GCC_DYNAMIC_NO_PIC = NO;
				GCC_NO_COMMON_BLOCKS = YES;
				GCC_OPTIMIZATION_LEVEL = 0;
				GCC_PREPROCESSOR_DEFINITIONS = (
					"DEBUG=1",
					"$(inherited)",
				);
				GCC_WARN_64_TO_32_BIT_CONVERSION = YES;
				GCC_WARN_ABOUT_RETURN_TYPE = YES_ERROR;
				GCC_WARN_UNDECLARED_SELECTOR = YES;
				GCC_WARN_UNINITIALIZED_AUTOS = YES_AGGRESSIVE;
				GCC_WARN_UNUSED_FUNCTION = YES;
				GCC_WARN_UNUSED_VARIABLE = YES;
				IPHONEOS_DEPLOYMENT_TARGET = 15.4;
				MTL_ENABLE_DEBUG_INFO = INCLUDE_SOURCE;
				MTL_FAST_MATH = YES;
				ONLY_ACTIVE_ARCH = YES;
				SDKROOT = iphoneos;
				SWIFT_ACTIVE_COMPILATION_CONDITIONS = DEBUG;
				SWIFT_OPTIMIZATION_LEVEL = "-Onone";
			};
			name = Debug;
		};
		EFAE0611285E125F00067173 /* Release */ = {
			isa = XCBuildConfiguration;
			buildSettings = {
				ALWAYS_SEARCH_USER_PATHS = NO;
				CLANG_ANALYZER_NONNULL = YES;
				CLANG_ANALYZER_NUMBER_OBJECT_CONVERSION = YES_AGGRESSIVE;
				CLANG_CXX_LANGUAGE_STANDARD = "gnu++17";
				CLANG_ENABLE_MODULES = YES;
				CLANG_ENABLE_OBJC_ARC = YES;
				CLANG_ENABLE_OBJC_WEAK = YES;
				CLANG_WARN_BLOCK_CAPTURE_AUTORELEASING = YES;
				CLANG_WARN_BOOL_CONVERSION = YES;
				CLANG_WARN_COMMA = YES;
				CLANG_WARN_CONSTANT_CONVERSION = YES;
				CLANG_WARN_DEPRECATED_OBJC_IMPLEMENTATIONS = YES;
				CLANG_WARN_DIRECT_OBJC_ISA_USAGE = YES_ERROR;
				CLANG_WARN_DOCUMENTATION_COMMENTS = YES;
				CLANG_WARN_EMPTY_BODY = YES;
				CLANG_WARN_ENUM_CONVERSION = YES;
				CLANG_WARN_INFINITE_RECURSION = YES;
				CLANG_WARN_INT_CONVERSION = YES;
				CLANG_WARN_NON_LITERAL_NULL_CONVERSION = YES;
				CLANG_WARN_OBJC_IMPLICIT_RETAIN_SELF = YES;
				CLANG_WARN_OBJC_LITERAL_CONVERSION = YES;
				CLANG_WARN_OBJC_ROOT_CLASS = YES_ERROR;
				CLANG_WARN_QUOTED_INCLUDE_IN_FRAMEWORK_HEADER = YES;
				CLANG_WARN_RANGE_LOOP_ANALYSIS = YES;
				CLANG_WARN_STRICT_PROTOTYPES = YES;
				CLANG_WARN_SUSPICIOUS_MOVE = YES;
				CLANG_WARN_UNGUARDED_AVAILABILITY = YES_AGGRESSIVE;
				CLANG_WARN_UNREACHABLE_CODE = YES;
				CLANG_WARN__DUPLICATE_METHOD_MATCH = YES;
				COPY_PHASE_STRIP = NO;
				DEBUG_INFORMATION_FORMAT = "dwarf-with-dsym";
				ENABLE_NS_ASSERTIONS = NO;
				ENABLE_STRICT_OBJC_MSGSEND = YES;
				GCC_C_LANGUAGE_STANDARD = gnu11;
				GCC_NO_COMMON_BLOCKS = YES;
				GCC_WARN_64_TO_32_BIT_CONVERSION = YES;
				GCC_WARN_ABOUT_RETURN_TYPE = YES_ERROR;
				GCC_WARN_UNDECLARED_SELECTOR = YES;
				GCC_WARN_UNINITIALIZED_AUTOS = YES_AGGRESSIVE;
				GCC_WARN_UNUSED_FUNCTION = YES;
				GCC_WARN_UNUSED_VARIABLE = YES;
				IPHONEOS_DEPLOYMENT_TARGET = 15.4;
				MTL_ENABLE_DEBUG_INFO = NO;
				MTL_FAST_MATH = YES;
				SDKROOT = iphoneos;
				SWIFT_COMPILATION_MODE = wholemodule;
				SWIFT_OPTIMIZATION_LEVEL = "-O";
				VALIDATE_PRODUCT = YES;
			};
			name = Release;
		};
		EFAE0613285E125F00067173 /* Debug */ = {
			isa = XCBuildConfiguration;
			baseConfigurationReference = F04CE4AA71520CF2D3048EFC /* Pods-ImageSearch.debug.xcconfig */;
			buildSettings = {
				ASSETCATALOG_COMPILER_APPICON_NAME = AppIcon;
				ASSETCATALOG_COMPILER_GLOBAL_ACCENT_COLOR_NAME = AccentColor;
				CODE_SIGN_STYLE = Automatic;
				CURRENT_PROJECT_VERSION = 1;
				DEVELOPMENT_TEAM = TMH7W47KB5;
				GENERATE_INFOPLIST_FILE = YES;
				INFOPLIST_FILE = "ImageSearch/Supporting files/Info.plist";
				INFOPLIST_KEY_UIApplicationSupportsIndirectInputEvents = YES;
				INFOPLIST_KEY_UILaunchStoryboardName = LaunchScreen;
				INFOPLIST_KEY_UISupportedInterfaceOrientations_iPad = "UIInterfaceOrientationPortrait UIInterfaceOrientationPortraitUpsideDown UIInterfaceOrientationLandscapeLeft UIInterfaceOrientationLandscapeRight";
				INFOPLIST_KEY_UISupportedInterfaceOrientations_iPhone = "UIInterfaceOrientationPortrait UIInterfaceOrientationLandscapeLeft UIInterfaceOrientationLandscapeRight";
				LD_RUNPATH_SEARCH_PATHS = (
					"$(inherited)",
					"@executable_path/Frameworks",
				);
				MARKETING_VERSION = 1.0;
				PRODUCT_BUNDLE_IDENTIFIER = "andrey-cheremisin.ImageSearch";
				PRODUCT_NAME = "$(TARGET_NAME)";
				SWIFT_EMIT_LOC_STRINGS = YES;
				SWIFT_VERSION = 5.0;
				TARGETED_DEVICE_FAMILY = 1;
			};
			name = Debug;
		};
		EFAE0614285E125F00067173 /* Release */ = {
			isa = XCBuildConfiguration;
			baseConfigurationReference = 07DFDCBC85DF86E1F8F66839 /* Pods-ImageSearch.release.xcconfig */;
			buildSettings = {
				ASSETCATALOG_COMPILER_APPICON_NAME = AppIcon;
				ASSETCATALOG_COMPILER_GLOBAL_ACCENT_COLOR_NAME = AccentColor;
				CODE_SIGN_STYLE = Automatic;
				CURRENT_PROJECT_VERSION = 1;
				DEVELOPMENT_TEAM = TMH7W47KB5;
				GENERATE_INFOPLIST_FILE = YES;
				INFOPLIST_FILE = "ImageSearch/Supporting files/Info.plist";
				INFOPLIST_KEY_UIApplicationSupportsIndirectInputEvents = YES;
				INFOPLIST_KEY_UILaunchStoryboardName = LaunchScreen;
				INFOPLIST_KEY_UISupportedInterfaceOrientations_iPad = "UIInterfaceOrientationPortrait UIInterfaceOrientationPortraitUpsideDown UIInterfaceOrientationLandscapeLeft UIInterfaceOrientationLandscapeRight";
				INFOPLIST_KEY_UISupportedInterfaceOrientations_iPhone = "UIInterfaceOrientationPortrait UIInterfaceOrientationLandscapeLeft UIInterfaceOrientationLandscapeRight";
				LD_RUNPATH_SEARCH_PATHS = (
					"$(inherited)",
					"@executable_path/Frameworks",
				);
				MARKETING_VERSION = 1.0;
				PRODUCT_BUNDLE_IDENTIFIER = "andrey-cheremisin.ImageSearch";
				PRODUCT_NAME = "$(TARGET_NAME)";
				SWIFT_EMIT_LOC_STRINGS = YES;
				SWIFT_VERSION = 5.0;
				TARGETED_DEVICE_FAMILY = 1;
			};
			name = Release;
		};
/* End XCBuildConfiguration section */

/* Begin XCConfigurationList section */
		EFAE05F6285E125D00067173 /* Build configuration list for PBXProject "ImageSearch" */ = {
			isa = XCConfigurationList;
			buildConfigurations = (
				EFAE0610285E125F00067173 /* Debug */,
				EFAE0611285E125F00067173 /* Release */,
			);
			defaultConfigurationIsVisible = 0;
			defaultConfigurationName = Release;
		};
		EFAE0612285E125F00067173 /* Build configuration list for PBXNativeTarget "ImageSearch" */ = {
			isa = XCConfigurationList;
			buildConfigurations = (
				EFAE0613285E125F00067173 /* Debug */,
				EFAE0614285E125F00067173 /* Release */,
			);
			defaultConfigurationIsVisible = 0;
			defaultConfigurationName = Release;
		};
/* End XCConfigurationList section */

/* Begin XCVersionGroup section */
		EFAE0607285E125D00067173 /* ImageSearch.xcdatamodeld */ = {
			isa = XCVersionGroup;
			children = (
				EFAE0608285E125D00067173 /* ImageSearch.xcdatamodel */,
			);
			currentVersion = EFAE0608285E125D00067173 /* ImageSearch.xcdatamodel */;
			path = ImageSearch.xcdatamodeld;
			sourceTree = "<group>";
			versionGroupType = wrapper.xcdatamodel;
		};
/* End XCVersionGroup section */
	};
	rootObject = EFAE05F3285E125D00067173 /* Project object */;
}
